// !$*UTF8*$!
{
	archiveVersion = 1;
	classes = {
	};
	objectVersion = 77;
	objects = {

/* Begin PBXContainerItemProxy section */
		3996A2972E4BAE75005457F2 /* PBXContainerItemProxy */ = {
			isa = PBXContainerItemProxy;
			containerPortal = 3996A2812E4BAE73005457F2 /* Project object */;
			proxyType = 1;
			remoteGlobalIDString = 3996A2882E4BAE73005457F2;
			remoteInfo = "iExpense-8";
		};
		3996A2A12E4BAE75005457F2 /* PBXContainerItemProxy */ = {
			isa = PBXContainerItemProxy;
			containerPortal = 3996A2812E4BAE73005457F2 /* Project object */;
			proxyType = 1;
			remoteGlobalIDString = 3996A2882E4BAE73005457F2;
			remoteInfo = "iExpense-8";
		};
/* End PBXContainerItemProxy section */

/* Begin PBXFileReference section */
		3996A2892E4BAE73005457F2 /* iExpense-8.app */ = {isa = PBXFileReference; explicitFileType = wrapper.application; includeInIndex = 0; path = "iExpense-8.app"; sourceTree = BUILT_PRODUCTS_DIR; };
		3996A2962E4BAE75005457F2 /* iExpense-8Tests.xctest */ = {isa = PBXFileReference; explicitFileType = wrapper.cfbundle; includeInIndex = 0; path = "iExpense-8Tests.xctest"; sourceTree = BUILT_PRODUCTS_DIR; };
		3996A2A02E4BAE75005457F2 /* iExpense-8UITests.xctest */ = {isa = PBXFileReference; explicitFileType = wrapper.cfbundle; includeInIndex = 0; path = "iExpense-8UITests.xctest"; sourceTree = BUILT_PRODUCTS_DIR; };
/* End PBXFileReference section */

/* Begin PBXFileSystemSynchronizedRootGroup section */
		3996A28B2E4BAE73005457F2 /* iExpense-8 */ = {
			isa = PBXFileSystemSynchronizedRootGroup;
			path = "iExpense-8";
			sourceTree = "<group>";
		};
		3996A2992E4BAE75005457F2 /* iExpense-8Tests */ = {
			isa = PBXFileSystemSynchronizedRootGroup;
			path = "iExpense-8Tests";
			sourceTree = "<group>";
		};
		3996A2A32E4BAE75005457F2 /* iExpense-8UITests */ = {
			isa = PBXFileSystemSynchronizedRootGroup;
			path = "iExpense-8UITests";
			sourceTree = "<group>";
		};
/* End PBXFileSystemSynchronizedRootGroup section */

/* Begin PBXFrameworksBuildPhase section */
		3996A2862E4BAE73005457F2 /* Frameworks */ = {
			isa = PBXFrameworksBuildPhase;
			buildActionMask = 2147483647;
			files = (
			);
			runOnlyForDeploymentPostprocessing = 0;
		};
		3996A2932E4BAE75005457F2 /* Frameworks */ = {
			isa = PBXFrameworksBuildPhase;
			buildActionMask = 2147483647;
			files = (
			);
			runOnlyForDeploymentPostprocessing = 0;
		};
		3996A29D2E4BAE75005457F2 /* Frameworks */ = {
			isa = PBXFrameworksBuildPhase;
			buildActionMask = 2147483647;
			files = (
			);
			runOnlyForDeploymentPostprocessing = 0;
		};
/* End PBXFrameworksBuildPhase section */

/* Begin PBXGroup section */
		3996A2802E4BAE73005457F2 = {
			isa = PBXGroup;
			children = (
				3996A28B2E4BAE73005457F2 /* iExpense-8 */,
				3996A2992E4BAE75005457F2 /* iExpense-8Tests */,
				3996A2A32E4BAE75005457F2 /* iExpense-8UITests */,
				3996A28A2E4BAE73005457F2 /* Products */,
			);
			sourceTree = "<group>";
		};
		3996A28A2E4BAE73005457F2 /* Products */ = {
			isa = PBXGroup;
			children = (
				3996A2892E4BAE73005457F2 /* iExpense-8.app */,
				3996A2962E4BAE75005457F2 /* iExpense-8Tests.xctest */,
				3996A2A02E4BAE75005457F2 /* iExpense-8UITests.xctest */,
			);
			name = Products;
			sourceTree = "<group>";
		};
/* End PBXGroup section */

/* Begin PBXNativeTarget section */
		3996A2882E4BAE73005457F2 /* iExpense-8 */ = {
			isa = PBXNativeTarget;
			buildConfigurationList = 3996A2AA2E4BAE75005457F2 /* Build configuration list for PBXNativeTarget "iExpense-8" */;
			buildPhases = (
				3996A2852E4BAE73005457F2 /* Sources */,
				3996A2862E4BAE73005457F2 /* Frameworks */,
				3996A2872E4BAE73005457F2 /* Resources */,
			);
			buildRules = (
			);
			dependencies = (
			);
			fileSystemSynchronizedGroups = (
				3996A28B2E4BAE73005457F2 /* iExpense-8 */,
			);
			name = "iExpense-8";
			packageProductDependencies = (
			);
			productName = "iExpense-8";
			productReference = 3996A2892E4BAE73005457F2 /* iExpense-8.app */;
			productType = "com.apple.product-type.application";
		};
		3996A2952E4BAE75005457F2 /* iExpense-8Tests */ = {
			isa = PBXNativeTarget;
			buildConfigurationList = 3996A2AD2E4BAE75005457F2 /* Build configuration list for PBXNativeTarget "iExpense-8Tests" */;
			buildPhases = (
				3996A2922E4BAE75005457F2 /* Sources */,
				3996A2932E4BAE75005457F2 /* Frameworks */,
				3996A2942E4BAE75005457F2 /* Resources */,
			);
			buildRules = (
			);
			dependencies = (
				3996A2982E4BAE75005457F2 /* PBXTargetDependency */,
			);
			fileSystemSynchronizedGroups = (
				3996A2992E4BAE75005457F2 /* iExpense-8Tests */,
			);
			name = "iExpense-8Tests";
			packageProductDependencies = (
			);
			productName = "iExpense-8Tests";
			productReference = 3996A2962E4BAE75005457F2 /* iExpense-8Tests.xctest */;
			productType = "com.apple.product-type.bundle.unit-test";
		};
		3996A29F2E4BAE75005457F2 /* iExpense-8UITests */ = {
			isa = PBXNativeTarget;
			buildConfigurationList = 3996A2B02E4BAE75005457F2 /* Build configuration list for PBXNativeTarget "iExpense-8UITests" */;
			buildPhases = (
				3996A29C2E4BAE75005457F2 /* Sources */,
				3996A29D2E4BAE75005457F2 /* Frameworks */,
				3996A29E2E4BAE75005457F2 /* Resources */,
			);
			buildRules = (
			);
			dependencies = (
				3996A2A22E4BAE75005457F2 /* PBXTargetDependency */,
			);
			fileSystemSynchronizedGroups = (
				3996A2A32E4BAE75005457F2 /* iExpense-8UITests */,
			);
			name = "iExpense-8UITests";
			packageProductDependencies = (
			);
			productName = "iExpense-8UITests";
			productReference = 3996A2A02E4BAE75005457F2 /* iExpense-8UITests.xctest */;
			productType = "com.apple.product-type.bundle.ui-testing";
		};
/* End PBXNativeTarget section */

/* Begin PBXProject section */
		3996A2812E4BAE73005457F2 /* Project object */ = {
			isa = PBXProject;
			attributes = {
				BuildIndependentTargetsInParallel = 1;
				LastSwiftUpdateCheck = 1640;
				LastUpgradeCheck = 1640;
				TargetAttributes = {
					3996A2882E4BAE73005457F2 = {
						CreatedOnToolsVersion = 16.4;
					};
					3996A2952E4BAE75005457F2 = {
						CreatedOnToolsVersion = 16.4;
						TestTargetID = 3996A2882E4BAE73005457F2;
					};
					3996A29F2E4BAE75005457F2 = {
						CreatedOnToolsVersion = 16.4;
						TestTargetID = 3996A2882E4BAE73005457F2;
					};
				};
			};
			buildConfigurationList = 3996A2842E4BAE73005457F2 /* Build configuration list for PBXProject "iExpense-8" */;
			developmentRegion = en;
			hasScannedForEncodings = 0;
			knownRegions = (
				en,
				Base,
			);
			mainGroup = 3996A2802E4BAE73005457F2;
			minimizedProjectReferenceProxies = 1;
			preferredProjectObjectVersion = 77;
			productRefGroup = 3996A28A2E4BAE73005457F2 /* Products */;
			projectDirPath = "";
			projectRoot = "";
			targets = (
				3996A2882E4BAE73005457F2 /* iExpense-8 */,
				3996A2952E4BAE75005457F2 /* iExpense-8Tests */,
				3996A29F2E4BAE75005457F2 /* iExpense-8UITests */,
			);
		};
/* End PBXProject section */

/* Begin PBXResourcesBuildPhase section */
		3996A2872E4BAE73005457F2 /* Resources */ = {
			isa = PBXResourcesBuildPhase;
			buildActionMask = 2147483647;
			files = (
			);
			runOnlyForDeploymentPostprocessing = 0;
		};
		3996A2942E4BAE75005457F2 /* Resources */ = {
			isa = PBXResourcesBuildPhase;
			buildActionMask = 2147483647;
			files = (
			);
			runOnlyForDeploymentPostprocessing = 0;
		};
		3996A29E2E4BAE75005457F2 /* Resources */ = {
			isa = PBXResourcesBuildPhase;
			buildActionMask = 2147483647;
			files = (
			);
			runOnlyForDeploymentPostprocessing = 0;
		};
/* End PBXResourcesBuildPhase section */

/* Begin PBXSourcesBuildPhase section */
		3996A2852E4BAE73005457F2 /* Sources */ = {
			isa = PBXSourcesBuildPhase;
			buildActionMask = 2147483647;
			files = (
			);
			runOnlyForDeploymentPostprocessing = 0;
		};
		3996A2922E4BAE75005457F2 /* Sources */ = {
			isa = PBXSourcesBuildPhase;
			buildActionMask = 2147483647;
			files = (
			);
			runOnlyForDeploymentPostprocessing = 0;
		};
		3996A29C2E4BAE75005457F2 /* Sources */ = {
			isa = PBXSourcesBuildPhase;
			buildActionMask = 2147483647;
			files = (
			);
			runOnlyForDeploymentPostprocessing = 0;
		};
/* End PBXSourcesBuildPhase section */

/* Begin PBXTargetDependency section */
		3996A2982E4BAE75005457F2 /* PBXTargetDependency */ = {
			isa = PBXTargetDependency;
			target = 3996A2882E4BAE73005457F2 /* iExpense-8 */;
			targetProxy = 3996A2972E4BAE75005457F2 /* PBXContainerItemProxy */;
		};
		3996A2A22E4BAE75005457F2 /* PBXTargetDependency */ = {
			isa = PBXTargetDependency;
			target = 3996A2882E4BAE73005457F2 /* iExpense-8 */;
			targetProxy = 3996A2A12E4BAE75005457F2 /* PBXContainerItemProxy */;
		};
/* End PBXTargetDependency section */

/* Begin XCBuildConfiguration section */
		3996A2A82E4BAE75005457F2 /* Debug */ = {
			isa = XCBuildConfiguration;
			buildSettings = {
				ALWAYS_SEARCH_USER_PATHS = NO;
				ASSETCATALOG_COMPILER_GENERATE_SWIFT_ASSET_SYMBOL_EXTENSIONS = YES;
				CLANG_ANALYZER_NONNULL = YES;
				CLANG_ANALYZER_NUMBER_OBJECT_CONVERSION = YES_AGGRESSIVE;
				CLANG_CXX_LANGUAGE_STANDARD = "gnu++20";
				CLANG_ENABLE_MODULES = YES;
				CLANG_ENABLE_OBJC_ARC = YES;
				CLANG_ENABLE_OBJC_WEAK = YES;
				CLANG_WARN_BLOCK_CAPTURE_AUTORELEASING = YES;
				CLANG_WARN_BOOL_CONVERSION = YES;
				CLANG_WARN_COMMA = YES;
				CLANG_WARN_CONSTANT_CONVERSION = YES;
				CLANG_WARN_DEPRECATED_OBJC_IMPLEMENTATIONS = YES;
				CLANG_WARN_DIRECT_OBJC_ISA_USAGE = YES_ERROR;
				CLANG_WARN_DOCUMENTATION_COMMENTS = YES;
				CLANG_WARN_EMPTY_BODY = YES;
				CLANG_WARN_ENUM_CONVERSION = YES;
				CLANG_WARN_INFINITE_RECURSION = YES;
				CLANG_WARN_INT_CONVERSION = YES;
				CLANG_WARN_NON_LITERAL_NULL_CONVERSION = YES;
				CLANG_WARN_OBJC_IMPLICIT_RETAIN_SELF = YES;
				CLANG_WARN_OBJC_LITERAL_CONVERSION = YES;
				CLANG_WARN_OBJC_ROOT_CLASS = YES_ERROR;
				CLANG_WARN_QUOTED_INCLUDE_IN_FRAMEWORK_HEADER = YES;
				CLANG_WARN_RANGE_LOOP_ANALYSIS = YES;
				CLANG_WARN_STRICT_PROTOTYPES = YES;
				CLANG_WARN_SUSPICIOUS_MOVE = YES;
				CLANG_WARN_UNGUARDED_AVAILABILITY = YES_AGGRESSIVE;
				CLANG_WARN_UNREACHABLE_CODE = YES;
				CLANG_WARN__DUPLICATE_METHOD_MATCH = YES;
				COPY_PHASE_STRIP = NO;
				DEBUG_INFORMATION_FORMAT = dwarf;
				ENABLE_STRICT_OBJC_MSGSEND = YES;
				ENABLE_TESTABILITY = YES;
				ENABLE_USER_SCRIPT_SANDBOXING = YES;
				GCC_C_LANGUAGE_STANDARD = gnu17;
				GCC_DYNAMIC_NO_PIC = NO;
				GCC_NO_COMMON_BLOCKS = YES;
				GCC_OPTIMIZATION_LEVEL = 0;
				GCC_PREPROCESSOR_DEFINITIONS = (
					"DEBUG=1",
					"$(inherited)",
				);
				GCC_WARN_64_TO_32_BIT_CONVERSION = YES;
				GCC_WARN_ABOUT_RETURN_TYPE = YES_ERROR;
				GCC_WARN_UNDECLARED_SELECTOR = YES;
				GCC_WARN_UNINITIALIZED_AUTOS = YES_AGGRESSIVE;
				GCC_WARN_UNUSED_FUNCTION = YES;
				GCC_WARN_UNUSED_VARIABLE = YES;
				IPHONEOS_DEPLOYMENT_TARGET = 18.5;
				LOCALIZATION_PREFERS_STRING_CATALOGS = YES;
				MTL_ENABLE_DEBUG_INFO = INCLUDE_SOURCE;
				MTL_FAST_MATH = YES;
				ONLY_ACTIVE_ARCH = YES;
				SDKROOT = iphoneos;
				SWIFT_ACTIVE_COMPILATION_CONDITIONS = "DEBUG $(inherited)";
				SWIFT_OPTIMIZATION_LEVEL = "-Onone";
			};
			name = Debug;
		};
		3996A2A92E4BAE75005457F2 /* Release */ = {
			isa = XCBuildConfiguration;
			buildSettings = {
				ALWAYS_SEARCH_USER_PATHS = NO;
				ASSETCATALOG_COMPILER_GENERATE_SWIFT_ASSET_SYMBOL_EXTENSIONS = YES;
				CLANG_ANALYZER_NONNULL = YES;
				CLANG_ANALYZER_NUMBER_OBJECT_CONVERSION = YES_AGGRESSIVE;
				CLANG_CXX_LANGUAGE_STANDARD = "gnu++20";
				CLANG_ENABLE_MODULES = YES;
				CLANG_ENABLE_OBJC_ARC = YES;
				CLANG_ENABLE_OBJC_WEAK = YES;
				CLANG_WARN_BLOCK_CAPTURE_AUTORELEASING = YES;
				CLANG_WARN_BOOL_CONVERSION = YES;
				CLANG_WARN_COMMA = YES;
				CLANG_WARN_CONSTANT_CONVERSION = YES;
				CLANG_WARN_DEPRECATED_OBJC_IMPLEMENTATIONS = YES;
				CLANG_WARN_DIRECT_OBJC_ISA_USAGE = YES_ERROR;
				CLANG_WARN_DOCUMENTATION_COMMENTS = YES;
				CLANG_WARN_EMPTY_BODY = YES;
				CLANG_WARN_ENUM_CONVERSION = YES;
				CLANG_WARN_INFINITE_RECURSION = YES;
				CLANG_WARN_INT_CONVERSION = YES;
				CLANG_WARN_NON_LITERAL_NULL_CONVERSION = YES;
				CLANG_WARN_OBJC_IMPLICIT_RETAIN_SELF = YES;
				CLANG_WARN_OBJC_LITERAL_CONVERSION = YES;
				CLANG_WARN_OBJC_ROOT_CLASS = YES_ERROR;
				CLANG_WARN_QUOTED_INCLUDE_IN_FRAMEWORK_HEADER = YES;
				CLANG_WARN_RANGE_LOOP_ANALYSIS = YES;
				CLANG_WARN_STRICT_PROTOTYPES = YES;
				CLANG_WARN_SUSPICIOUS_MOVE = YES;
				CLANG_WARN_UNGUARDED_AVAILABILITY = YES_AGGRESSIVE;
				CLANG_WARN_UNREACHABLE_CODE = YES;
				CLANG_WARN__DUPLICATE_METHOD_MATCH = YES;
				COPY_PHASE_STRIP = NO;
				DEBUG_INFORMATION_FORMAT = "dwarf-with-dsym";
				ENABLE_NS_ASSERTIONS = NO;
				ENABLE_STRICT_OBJC_MSGSEND = YES;
				ENABLE_USER_SCRIPT_SANDBOXING = YES;
				GCC_C_LANGUAGE_STANDARD = gnu17;
				GCC_NO_COMMON_BLOCKS = YES;
				GCC_WARN_64_TO_32_BIT_CONVERSION = YES;
				GCC_WARN_ABOUT_RETURN_TYPE = YES_ERROR;
				GCC_WARN_UNDECLARED_SELECTOR = YES;
				GCC_WARN_UNINITIALIZED_AUTOS = YES_AGGRESSIVE;
				GCC_WARN_UNUSED_FUNCTION = YES;
				GCC_WARN_UNUSED_VARIABLE = YES;
				IPHONEOS_DEPLOYMENT_TARGET = 18.5;
				LOCALIZATION_PREFERS_STRING_CATALOGS = YES;
				MTL_ENABLE_DEBUG_INFO = NO;
				MTL_FAST_MATH = YES;
				SDKROOT = iphoneos;
				SWIFT_COMPILATION_MODE = wholemodule;
				VALIDATE_PRODUCT = YES;
			};
			name = Release;
		};
		3996A2AB2E4BAE75005457F2 /* Debug */ = {
			isa = XCBuildConfiguration;
			buildSettings = {
				ASSETCATALOG_COMPILER_APPICON_NAME = AppIcon;
				ASSETCATALOG_COMPILER_GLOBAL_ACCENT_COLOR_NAME = AccentColor;
				CODE_SIGN_STYLE = Automatic;
				CURRENT_PROJECT_VERSION = 1;
				ENABLE_PREVIEWS = YES;
				GENERATE_INFOPLIST_FILE = YES;
				INFOPLIST_KEY_UIApplicationSceneManifest_Generation = YES;
				INFOPLIST_KEY_UIApplicationSupportsIndirectInputEvents = YES;
				INFOPLIST_KEY_UILaunchScreen_Generation = YES;
				INFOPLIST_KEY_UISupportedInterfaceOrientations_iPad = "UIInterfaceOrientationPortrait UIInterfaceOrientationPortraitUpsideDown UIInterfaceOrientationLandscapeLeft UIInterfaceOrientationLandscapeRight";
				INFOPLIST_KEY_UISupportedInterfaceOrientations_iPhone = "UIInterfaceOrientationPortrait UIInterfaceOrientationLandscapeLeft UIInterfaceOrientationLandscapeRight";
				LD_RUNPATH_SEARCH_PATHS = (
					"$(inherited)",
					"@executable_path/Frameworks",
				);
				MARKETING_VERSION = 1.0;
				PRODUCT_BUNDLE_IDENTIFIER = "com.valch.iExpense-8";
				PRODUCT_NAME = "$(TARGET_NAME)";
				SWIFT_EMIT_LOC_STRINGS = YES;
				SWIFT_VERSION = 5.0;
				TARGETED_DEVICE_FAMILY = "1,2";
			};
			name = Debug;
		};
		3996A2AC2E4BAE75005457F2 /* Release */ = {
			isa = XCBuildConfiguration;
			buildSettings = {
				ASSETCATALOG_COMPILER_APPICON_NAME = AppIcon;
				ASSETCATALOG_COMPILER_GLOBAL_ACCENT_COLOR_NAME = AccentColor;
				CODE_SIGN_STYLE = Automatic;
				CURRENT_PROJECT_VERSION = 1;
				ENABLE_PREVIEWS = YES;
				GENERATE_INFOPLIST_FILE = YES;
				INFOPLIST_KEY_UIApplicationSceneManifest_Generation = YES;
				INFOPLIST_KEY_UIApplicationSupportsIndirectInputEvents = YES;
				INFOPLIST_KEY_UILaunchScreen_Generation = YES;
				INFOPLIST_KEY_UISupportedInterfaceOrientations_iPad = "UIInterfaceOrientationPortrait UIInterfaceOrientationPortraitUpsideDown UIInterfaceOrientationLandscapeLeft UIInterfaceOrientationLandscapeRight";
				INFOPLIST_KEY_UISupportedInterfaceOrientations_iPhone = "UIInterfaceOrientationPortrait UIInterfaceOrientationLandscapeLeft UIInterfaceOrientationLandscapeRight";
				LD_RUNPATH_SEARCH_PATHS = (
					"$(inherited)",
					"@executable_path/Frameworks",
				);
				MARKETING_VERSION = 1.0;
				PRODUCT_BUNDLE_IDENTIFIER = "com.valch.iExpense-8";
				PRODUCT_NAME = "$(TARGET_NAME)";
				SWIFT_EMIT_LOC_STRINGS = YES;
				SWIFT_VERSION = 5.0;
				TARGETED_DEVICE_FAMILY = "1,2";
			};
			name = Release;
		};
		3996A2AE2E4BAE75005457F2 /* Debug */ = {
			isa = XCBuildConfiguration;
			buildSettings = {
				BUNDLE_LOADER = "$(TEST_HOST)";
				CODE_SIGN_STYLE = Automatic;
				CURRENT_PROJECT_VERSION = 1;
				GENERATE_INFOPLIST_FILE = YES;
				IPHONEOS_DEPLOYMENT_TARGET = 18.5;
				MARKETING_VERSION = 1.0;
				PRODUCT_BUNDLE_IDENTIFIER = "com.valch.iExpense-8Tests";
				PRODUCT_NAME = "$(TARGET_NAME)";
				SWIFT_EMIT_LOC_STRINGS = NO;
				SWIFT_VERSION = 5.0;
				TARGETED_DEVICE_FAMILY = "1,2";
				TEST_HOST = "$(BUILT_PRODUCTS_DIR)/iExpense-8.app/$(BUNDLE_EXECUTABLE_FOLDER_PATH)/iExpense-8";
			};
			name = Debug;
		};
		3996A2AF2E4BAE75005457F2 /* Release */ = {
			isa = XCBuildConfiguration;
			buildSettings = {
				BUNDLE_LOADER = "$(TEST_HOST)";
				CODE_SIGN_STYLE = Automatic;
				CURRENT_PROJECT_VERSION = 1;
				GENERATE_INFOPLIST_FILE = YES;
				IPHONEOS_DEPLOYMENT_TARGET = 18.5;
				MARKETING_VERSION = 1.0;
				PRODUCT_BUNDLE_IDENTIFIER = "com.valch.iExpense-8Tests";
				PRODUCT_NAME = "$(TARGET_NAME)";
				SWIFT_EMIT_LOC_STRINGS = NO;
				SWIFT_VERSION = 5.0;
				TARGETED_DEVICE_FAMILY = "1,2";
				TEST_HOST = "$(BUILT_PRODUCTS_DIR)/iExpense-8.app/$(BUNDLE_EXECUTABLE_FOLDER_PATH)/iExpense-8";
			};
			name = Release;
		};
		3996A2B12E4BAE75005457F2 /* Debug */ = {
			isa = XCBuildConfiguration;
			buildSettings = {
				CODE_SIGN_STYLE = Automatic;
				CURRENT_PROJECT_VERSION = 1;
				GENERATE_INFOPLIST_FILE = YES;
				MARKETING_VERSION = 1.0;
				PRODUCT_BUNDLE_IDENTIFIER = "com.valch.iExpense-8UITests";
				PRODUCT_NAME = "$(TARGET_NAME)";
				SWIFT_EMIT_LOC_STRINGS = NO;
				SWIFT_VERSION = 5.0;
				TARGETED_DEVICE_FAMILY = "1,2";
				TEST_TARGET_NAME = "iExpense-8";
			};
			name = Debug;
		};
		3996A2B22E4BAE75005457F2 /* Release */ = {
			isa = XCBuildConfiguration;
			buildSettings = {
				CODE_SIGN_STYLE = Automatic;
				CURRENT_PROJECT_VERSION = 1;
				GENERATE_INFOPLIST_FILE = YES;
				MARKETING_VERSION = 1.0;
				PRODUCT_BUNDLE_IDENTIFIER = "com.valch.iExpense-8UITests";
				PRODUCT_NAME = "$(TARGET_NAME)";
				SWIFT_EMIT_LOC_STRINGS = NO;
				SWIFT_VERSION = 5.0;
				TARGETED_DEVICE_FAMILY = "1,2";
				TEST_TARGET_NAME = "iExpense-8";
			};
			name = Release;
		};
/* End XCBuildConfiguration section */

/* Begin XCConfigurationList section */
		3996A2842E4BAE73005457F2 /* Build configuration list for PBXProject "iExpense-8" */ = {
			isa = XCConfigurationList;
			buildConfigurations = (
				3996A2A82E4BAE75005457F2 /* Debug */,
				3996A2A92E4BAE75005457F2 /* Release */,
			);
			defaultConfigurationIsVisible = 0;
			defaultConfigurationName = Release;
		};
		3996A2AA2E4BAE75005457F2 /* Build configuration list for PBXNativeTarget "iExpense-8" */ = {
			isa = XCConfigurationList;
			buildConfigurations = (
				3996A2AB2E4BAE75005457F2 /* Debug */,
				3996A2AC2E4BAE75005457F2 /* Release */,
			);
			defaultConfigurationIsVisible = 0;
			defaultConfigurationName = Release;
		};
		3996A2AD2E4BAE75005457F2 /* Build configuration list for PBXNativeTarget "iExpense-8Tests" */ = {
			isa = XCConfigurationList;
			buildConfigurations = (
				3996A2AE2E4BAE75005457F2 /* Debug */,
				3996A2AF2E4BAE75005457F2 /* Release */,
			);
			defaultConfigurationIsVisible = 0;
			defaultConfigurationName = Release;
		};
		3996A2B02E4BAE75005457F2 /* Build configuration list for PBXNativeTarget "iExpense-8UITests" */ = {
			isa = XCConfigurationList;
			buildConfigurations = (
				3996A2B12E4BAE75005457F2 /* Debug */,
				3996A2B22E4BAE75005457F2 /* Release */,
			);
			defaultConfigurationIsVisible = 0;
			defaultConfigurationName = Release;
		};
/* End XCConfigurationList section */
	};
	rootObject = 3996A2812E4BAE73005457F2 /* Project object */;
}
