// !$*UTF8*$!
{
	archiveVersion = 1;
	classes = {
	};
	objectVersion = 77;
	objects = {

/* Begin PBXContainerItemProxy section */
		394B0D582CA209D300269AF7 /* PBXContainerItemProxy */ = {
			isa = PBXContainerItemProxy;
			containerPortal = 394B0D3F2CA209D000269AF7 /* Project object */;
			proxyType = 1;
			remoteGlobalIDString = 394B0D462CA209D000269AF7;
			remoteInfo = ViewsAndModifiers3;
		};
		394B0D622CA209D300269AF7 /* PBXContainerItemProxy */ = {
			isa = PBXContainerItemProxy;
			containerPortal = 394B0D3F2CA209D000269AF7 /* Project object */;
			proxyType = 1;
			remoteGlobalIDString = 394B0D462CA209D000269AF7;
			remoteInfo = ViewsAndModifiers3;
		};
/* End PBXContainerItemProxy section */

/* Begin PBXFileReference section */
		394B0D472CA209D000269AF7 /* ViewsAndModifiers3.app */ = {isa = PBXFileReference; explicitFileType = wrapper.application; includeInIndex = 0; path = ViewsAndModifiers3.app; sourceTree = BUILT_PRODUCTS_DIR; };
		394B0D572CA209D300269AF7 /* ViewsAndModifiers3Tests.xctest */ = {isa = PBXFileReference; explicitFileType = wrapper.cfbundle; includeInIndex = 0; path = ViewsAndModifiers3Tests.xctest; sourceTree = BUILT_PRODUCTS_DIR; };
		394B0D612CA209D300269AF7 /* ViewsAndModifiers3UITests.xctest */ = {isa = PBXFileReference; explicitFileType = wrapper.cfbundle; includeInIndex = 0; path = ViewsAndModifiers3UITests.xctest; sourceTree = BUILT_PRODUCTS_DIR; };
/* End PBXFileReference section */

/* Begin PBXFileSystemSynchronizedRootGroup section */
		394B0D492CA209D000269AF7 /* ViewsAndModifiers3 */ = {
			isa = PBXFileSystemSynchronizedRootGroup;
			path = ViewsAndModifiers3;
			sourceTree = "<group>";
		};
		394B0D5A2CA209D300269AF7 /* ViewsAndModifiers3Tests */ = {
			isa = PBXFileSystemSynchronizedRootGroup;
			path = ViewsAndModifiers3Tests;
			sourceTree = "<group>";
		};
		394B0D642CA209D300269AF7 /* ViewsAndModifiers3UITests */ = {
			isa = PBXFileSystemSynchronizedRootGroup;
			path = ViewsAndModifiers3UITests;
			sourceTree = "<group>";
		};
/* End PBXFileSystemSynchronizedRootGroup section */

/* Begin PBXFrameworksBuildPhase section */
		394B0D442CA209D000269AF7 /* Frameworks */ = {
			isa = PBXFrameworksBuildPhase;
			buildActionMask = 2147483647;
			files = (
			);
			runOnlyForDeploymentPostprocessing = 0;
		};
		394B0D542CA209D300269AF7 /* Frameworks */ = {
			isa = PBXFrameworksBuildPhase;
			buildActionMask = 2147483647;
			files = (
			);
			runOnlyForDeploymentPostprocessing = 0;
		};
		394B0D5E2CA209D300269AF7 /* Frameworks */ = {
			isa = PBXFrameworksBuildPhase;
			buildActionMask = 2147483647;
			files = (
			);
			runOnlyForDeploymentPostprocessing = 0;
		};
/* End PBXFrameworksBuildPhase section */

/* Begin PBXGroup section */
		394B0D3E2CA209D000269AF7 = {
			isa = PBXGroup;
			children = (
				394B0D492CA209D000269AF7 /* ViewsAndModifiers3 */,
				394B0D5A2CA209D300269AF7 /* ViewsAndModifiers3Tests */,
				394B0D642CA209D300269AF7 /* ViewsAndModifiers3UITests */,
				394B0D482CA209D000269AF7 /* Products */,
			);
			sourceTree = "<group>";
		};
		394B0D482CA209D000269AF7 /* Products */ = {
			isa = PBXGroup;
			children = (
				394B0D472CA209D000269AF7 /* ViewsAndModifiers3.app */,
				394B0D572CA209D300269AF7 /* ViewsAndModifiers3Tests.xctest */,
				394B0D612CA209D300269AF7 /* ViewsAndModifiers3UITests.xctest */,
			);
			name = Products;
			sourceTree = "<group>";
		};
/* End PBXGroup section */

/* Begin PBXNativeTarget section */
		394B0D462CA209D000269AF7 /* ViewsAndModifiers3 */ = {
			isa = PBXNativeTarget;
			buildConfigurationList = 394B0D6B2CA209D300269AF7 /* Build configuration list for PBXNativeTarget "ViewsAndModifiers3" */;
			buildPhases = (
				394B0D432CA209D000269AF7 /* Sources */,
				394B0D442CA209D000269AF7 /* Frameworks */,
				394B0D452CA209D000269AF7 /* Resources */,
			);
			buildRules = (
			);
			dependencies = (
			);
			fileSystemSynchronizedGroups = (
				394B0D492CA209D000269AF7 /* ViewsAndModifiers3 */,
			);
			name = ViewsAndModifiers3;
			packageProductDependencies = (
			);
			productName = ViewsAndModifiers3;
			productReference = 394B0D472CA209D000269AF7 /* ViewsAndModifiers3.app */;
			productType = "com.apple.product-type.application";
		};
		394B0D562CA209D300269AF7 /* ViewsAndModifiers3Tests */ = {
			isa = PBXNativeTarget;
			buildConfigurationList = 394B0D6E2CA209D300269AF7 /* Build configuration list for PBXNativeTarget "ViewsAndModifiers3Tests" */;
			buildPhases = (
				394B0D532CA209D300269AF7 /* Sources */,
				394B0D542CA209D300269AF7 /* Frameworks */,
				394B0D552CA209D300269AF7 /* Resources */,
			);
			buildRules = (
			);
			dependencies = (
				394B0D592CA209D300269AF7 /* PBXTargetDependency */,
			);
			fileSystemSynchronizedGroups = (
				394B0D5A2CA209D300269AF7 /* ViewsAndModifiers3Tests */,
			);
			name = ViewsAndModifiers3Tests;
			packageProductDependencies = (
			);
			productName = ViewsAndModifiers3Tests;
			productReference = 394B0D572CA209D300269AF7 /* ViewsAndModifiers3Tests.xctest */;
			productType = "com.apple.product-type.bundle.unit-test";
		};
		394B0D602CA209D300269AF7 /* ViewsAndModifiers3UITests */ = {
			isa = PBXNativeTarget;
			buildConfigurationList = 394B0D712CA209D300269AF7 /* Build configuration list for PBXNativeTarget "ViewsAndModifiers3UITests" */;
			buildPhases = (
				394B0D5D2CA209D300269AF7 /* Sources */,
				394B0D5E2CA209D300269AF7 /* Frameworks */,
				394B0D5F2CA209D300269AF7 /* Resources */,
			);
			buildRules = (
			);
			dependencies = (
				394B0D632CA209D300269AF7 /* PBXTargetDependency */,
			);
			fileSystemSynchronizedGroups = (
				394B0D642CA209D300269AF7 /* ViewsAndModifiers3UITests */,
			);
			name = ViewsAndModifiers3UITests;
			packageProductDependencies = (
			);
			productName = ViewsAndModifiers3UITests;
			productReference = 394B0D612CA209D300269AF7 /* ViewsAndModifiers3UITests.xctest */;
			productType = "com.apple.product-type.bundle.ui-testing";
		};
/* End PBXNativeTarget section */

/* Begin PBXProject section */
		394B0D3F2CA209D000269AF7 /* Project object */ = {
			isa = PBXProject;
			attributes = {
				BuildIndependentTargetsInParallel = 1;
				LastSwiftUpdateCheck = 1600;
				LastUpgradeCheck = 1600;
				TargetAttributes = {
					394B0D462CA209D000269AF7 = {
						CreatedOnToolsVersion = 16.0;
					};
					394B0D562CA209D300269AF7 = {
						CreatedOnToolsVersion = 16.0;
						TestTargetID = 394B0D462CA209D000269AF7;
					};
					394B0D602CA209D300269AF7 = {
						CreatedOnToolsVersion = 16.0;
						TestTargetID = 394B0D462CA209D000269AF7;
					};
				};
			};
			buildConfigurationList = 394B0D422CA209D000269AF7 /* Build configuration list for PBXProject "ViewsAndModifiers3" */;
			developmentRegion = en;
			hasScannedForEncodings = 0;
			knownRegions = (
				en,
				Base,
			);
			mainGroup = 394B0D3E2CA209D000269AF7;
			minimizedProjectReferenceProxies = 1;
			preferredProjectObjectVersion = 77;
			productRefGroup = 394B0D482CA209D000269AF7 /* Products */;
			projectDirPath = "";
			projectRoot = "";
			targets = (
				394B0D462CA209D000269AF7 /* ViewsAndModifiers3 */,
				394B0D562CA209D300269AF7 /* ViewsAndModifiers3Tests */,
				394B0D602CA209D300269AF7 /* ViewsAndModifiers3UITests */,
			);
		};
/* End PBXProject section */

/* Begin PBXResourcesBuildPhase section */
		394B0D452CA209D000269AF7 /* Resources */ = {
			isa = PBXResourcesBuildPhase;
			buildActionMask = 2147483647;
			files = (
			);
			runOnlyForDeploymentPostprocessing = 0;
		};
		394B0D552CA209D300269AF7 /* Resources */ = {
			isa = PBXResourcesBuildPhase;
			buildActionMask = 2147483647;
			files = (
			);
			runOnlyForDeploymentPostprocessing = 0;
		};
		394B0D5F2CA209D300269AF7 /* Resources */ = {
			isa = PBXResourcesBuildPhase;
			buildActionMask = 2147483647;
			files = (
			);
			runOnlyForDeploymentPostprocessing = 0;
		};
/* End PBXResourcesBuildPhase section */

/* Begin PBXSourcesBuildPhase section */
		394B0D432CA209D000269AF7 /* Sources */ = {
			isa = PBXSourcesBuildPhase;
			buildActionMask = 2147483647;
			files = (
			);
			runOnlyForDeploymentPostprocessing = 0;
		};
		394B0D532CA209D300269AF7 /* Sources */ = {
			isa = PBXSourcesBuildPhase;
			buildActionMask = 2147483647;
			files = (
			);
			runOnlyForDeploymentPostprocessing = 0;
		};
		394B0D5D2CA209D300269AF7 /* Sources */ = {
			isa = PBXSourcesBuildPhase;
			buildActionMask = 2147483647;
			files = (
			);
			runOnlyForDeploymentPostprocessing = 0;
		};
/* End PBXSourcesBuildPhase section */

/* Begin PBXTargetDependency section */
		394B0D592CA209D300269AF7 /* PBXTargetDependency */ = {
			isa = PBXTargetDependency;
			target = 394B0D462CA209D000269AF7 /* ViewsAndModifiers3 */;
			targetProxy = 394B0D582CA209D300269AF7 /* PBXContainerItemProxy */;
		};
		394B0D632CA209D300269AF7 /* PBXTargetDependency */ = {
			isa = PBXTargetDependency;
			target = 394B0D462CA209D000269AF7 /* ViewsAndModifiers3 */;
			targetProxy = 394B0D622CA209D300269AF7 /* PBXContainerItemProxy */;
		};
/* End PBXTargetDependency section */

/* Begin XCBuildConfiguration section */
		394B0D692CA209D300269AF7 /* Debug */ = {
			isa = XCBuildConfiguration;
			buildSettings = {
				ALWAYS_SEARCH_USER_PATHS = NO;
				ASSETCATALOG_COMPILER_GENERATE_SWIFT_ASSET_SYMBOL_EXTENSIONS = YES;
				CLANG_ANALYZER_NONNULL = YES;
				CLANG_ANALYZER_NUMBER_OBJECT_CONVERSION = YES_AGGRESSIVE;
				CLANG_CXX_LANGUAGE_STANDARD = "gnu++20";
				CLANG_ENABLE_MODULES = YES;
				CLANG_ENABLE_OBJC_ARC = YES;
				CLANG_ENABLE_OBJC_WEAK = YES;
				CLANG_WARN_BLOCK_CAPTURE_AUTORELEASING = YES;
				CLANG_WARN_BOOL_CONVERSION = YES;
				CLANG_WARN_COMMA = YES;
				CLANG_WARN_CONSTANT_CONVERSION = YES;
				CLANG_WARN_DEPRECATED_OBJC_IMPLEMENTATIONS = YES;
				CLANG_WARN_DIRECT_OBJC_ISA_USAGE = YES_ERROR;
				CLANG_WARN_DOCUMENTATION_COMMENTS = YES;
				CLANG_WARN_EMPTY_BODY = YES;
				CLANG_WARN_ENUM_CONVERSION = YES;
				CLANG_WARN_INFINITE_RECURSION = YES;
				CLANG_WARN_INT_CONVERSION = YES;
				CLANG_WARN_NON_LITERAL_NULL_CONVERSION = YES;
				CLANG_WARN_OBJC_IMPLICIT_RETAIN_SELF = YES;
				CLANG_WARN_OBJC_LITERAL_CONVERSION = YES;
				CLANG_WARN_OBJC_ROOT_CLASS = YES_ERROR;
				CLANG_WARN_QUOTED_INCLUDE_IN_FRAMEWORK_HEADER = YES;
				CLANG_WARN_RANGE_LOOP_ANALYSIS = YES;
				CLANG_WARN_STRICT_PROTOTYPES = YES;
				CLANG_WARN_SUSPICIOUS_MOVE = YES;
				CLANG_WARN_UNGUARDED_AVAILABILITY = YES_AGGRESSIVE;
				CLANG_WARN_UNREACHABLE_CODE = YES;
				CLANG_WARN__DUPLICATE_METHOD_MATCH = YES;
				COPY_PHASE_STRIP = NO;
				DEBUG_INFORMATION_FORMAT = dwarf;
				ENABLE_STRICT_OBJC_MSGSEND = YES;
				ENABLE_TESTABILITY = YES;
				ENABLE_USER_SCRIPT_SANDBOXING = YES;
				GCC_C_LANGUAGE_STANDARD = gnu17;
				GCC_DYNAMIC_NO_PIC = NO;
				GCC_NO_COMMON_BLOCKS = YES;
				GCC_OPTIMIZATION_LEVEL = 0;
				GCC_PREPROCESSOR_DEFINITIONS = (
					"DEBUG=1",
					"$(inherited)",
				);
				GCC_WARN_64_TO_32_BIT_CONVERSION = YES;
				GCC_WARN_ABOUT_RETURN_TYPE = YES_ERROR;
				GCC_WARN_UNDECLARED_SELECTOR = YES;
				GCC_WARN_UNINITIALIZED_AUTOS = YES_AGGRESSIVE;
				GCC_WARN_UNUSED_FUNCTION = YES;
				GCC_WARN_UNUSED_VARIABLE = YES;
				IPHONEOS_DEPLOYMENT_TARGET = 18.0;
				LOCALIZATION_PREFERS_STRING_CATALOGS = YES;
				MTL_ENABLE_DEBUG_INFO = INCLUDE_SOURCE;
				MTL_FAST_MATH = YES;
				ONLY_ACTIVE_ARCH = YES;
				SDKROOT = iphoneos;
				SWIFT_ACTIVE_COMPILATION_CONDITIONS = "DEBUG $(inherited)";
				SWIFT_OPTIMIZATION_LEVEL = "-Onone";
			};
			name = Debug;
		};
		394B0D6A2CA209D300269AF7 /* Release */ = {
			isa = XCBuildConfiguration;
			buildSettings = {
				ALWAYS_SEARCH_USER_PATHS = NO;
				ASSETCATALOG_COMPILER_GENERATE_SWIFT_ASSET_SYMBOL_EXTENSIONS = YES;
				CLANG_ANALYZER_NONNULL = YES;
				CLANG_ANALYZER_NUMBER_OBJECT_CONVERSION = YES_AGGRESSIVE;
				CLANG_CXX_LANGUAGE_STANDARD = "gnu++20";
				CLANG_ENABLE_MODULES = YES;
				CLANG_ENABLE_OBJC_ARC = YES;
				CLANG_ENABLE_OBJC_WEAK = YES;
				CLANG_WARN_BLOCK_CAPTURE_AUTORELEASING = YES;
				CLANG_WARN_BOOL_CONVERSION = YES;
				CLANG_WARN_COMMA = YES;
				CLANG_WARN_CONSTANT_CONVERSION = YES;
				CLANG_WARN_DEPRECATED_OBJC_IMPLEMENTATIONS = YES;
				CLANG_WARN_DIRECT_OBJC_ISA_USAGE = YES_ERROR;
				CLANG_WARN_DOCUMENTATION_COMMENTS = YES;
				CLANG_WARN_EMPTY_BODY = YES;
				CLANG_WARN_ENUM_CONVERSION = YES;
				CLANG_WARN_INFINITE_RECURSION = YES;
				CLANG_WARN_INT_CONVERSION = YES;
				CLANG_WARN_NON_LITERAL_NULL_CONVERSION = YES;
				CLANG_WARN_OBJC_IMPLICIT_RETAIN_SELF = YES;
				CLANG_WARN_OBJC_LITERAL_CONVERSION = YES;
				CLANG_WARN_OBJC_ROOT_CLASS = YES_ERROR;
				CLANG_WARN_QUOTED_INCLUDE_IN_FRAMEWORK_HEADER = YES;
				CLANG_WARN_RANGE_LOOP_ANALYSIS = YES;
				CLANG_WARN_STRICT_PROTOTYPES = YES;
				CLANG_WARN_SUSPICIOUS_MOVE = YES;
				CLANG_WARN_UNGUARDED_AVAILABILITY = YES_AGGRESSIVE;
				CLANG_WARN_UNREACHABLE_CODE = YES;
				CLANG_WARN__DUPLICATE_METHOD_MATCH = YES;
				COPY_PHASE_STRIP = NO;
				DEBUG_INFORMATION_FORMAT = "dwarf-with-dsym";
				ENABLE_NS_ASSERTIONS = NO;
				ENABLE_STRICT_OBJC_MSGSEND = YES;
				ENABLE_USER_SCRIPT_SANDBOXING = YES;
				GCC_C_LANGUAGE_STANDARD = gnu17;
				GCC_NO_COMMON_BLOCKS = YES;
				GCC_WARN_64_TO_32_BIT_CONVERSION = YES;
				GCC_WARN_ABOUT_RETURN_TYPE = YES_ERROR;
				GCC_WARN_UNDECLARED_SELECTOR = YES;
				GCC_WARN_UNINITIALIZED_AUTOS = YES_AGGRESSIVE;
				GCC_WARN_UNUSED_FUNCTION = YES;
				GCC_WARN_UNUSED_VARIABLE = YES;
				IPHONEOS_DEPLOYMENT_TARGET = 18.0;
				LOCALIZATION_PREFERS_STRING_CATALOGS = YES;
				MTL_ENABLE_DEBUG_INFO = NO;
				MTL_FAST_MATH = YES;
				SDKROOT = iphoneos;
				SWIFT_COMPILATION_MODE = wholemodule;
				VALIDATE_PRODUCT = YES;
			};
			name = Release;
		};
		394B0D6C2CA209D300269AF7 /* Debug */ = {
			isa = XCBuildConfiguration;
			buildSettings = {
				ASSETCATALOG_COMPILER_APPICON_NAME = AppIcon;
				ASSETCATALOG_COMPILER_GLOBAL_ACCENT_COLOR_NAME = AccentColor;
				CODE_SIGN_STYLE = Automatic;
				CURRENT_PROJECT_VERSION = 1;
				DEVELOPMENT_ASSET_PATHS = "\"ViewsAndModifiers3/Preview Content\"";
				ENABLE_PREVIEWS = YES;
				GENERATE_INFOPLIST_FILE = YES;
				INFOPLIST_KEY_UIApplicationSceneManifest_Generation = YES;
				INFOPLIST_KEY_UIApplicationSupportsIndirectInputEvents = YES;
				INFOPLIST_KEY_UILaunchScreen_Generation = YES;
				INFOPLIST_KEY_UISupportedInterfaceOrientations_iPad = "UIInterfaceOrientationPortrait UIInterfaceOrientationPortraitUpsideDown UIInterfaceOrientationLandscapeLeft UIInterfaceOrientationLandscapeRight";
				INFOPLIST_KEY_UISupportedInterfaceOrientations_iPhone = "UIInterfaceOrientationPortrait UIInterfaceOrientationLandscapeLeft UIInterfaceOrientationLandscapeRight";
				LD_RUNPATH_SEARCH_PATHS = (
					"$(inherited)",
					"@executable_path/Frameworks",
				);
				MARKETING_VERSION = 1.0;
				PRODUCT_BUNDLE_IDENTIFIER = test.valch85.ViewsAndModifiers3;
				PRODUCT_NAME = "$(TARGET_NAME)";
				SWIFT_EMIT_LOC_STRINGS = YES;
				SWIFT_VERSION = 5.0;
				TARGETED_DEVICE_FAMILY = "1,2";
			};
			name = Debug;
		};
		394B0D6D2CA209D300269AF7 /* Release */ = {
			isa = XCBuildConfiguration;
			buildSettings = {
				ASSETCATALOG_COMPILER_APPICON_NAME = AppIcon;
				ASSETCATALOG_COMPILER_GLOBAL_ACCENT_COLOR_NAME = AccentColor;
				CODE_SIGN_STYLE = Automatic;
				CURRENT_PROJECT_VERSION = 1;
				DEVELOPMENT_ASSET_PATHS = "\"ViewsAndModifiers3/Preview Content\"";
				ENABLE_PREVIEWS = YES;
				GENERATE_INFOPLIST_FILE = YES;
				INFOPLIST_KEY_UIApplicationSceneManifest_Generation = YES;
				INFOPLIST_KEY_UIApplicationSupportsIndirectInputEvents = YES;
				INFOPLIST_KEY_UILaunchScreen_Generation = YES;
				INFOPLIST_KEY_UISupportedInterfaceOrientations_iPad = "UIInterfaceOrientationPortrait UIInterfaceOrientationPortraitUpsideDown UIInterfaceOrientationLandscapeLeft UIInterfaceOrientationLandscapeRight";
				INFOPLIST_KEY_UISupportedInterfaceOrientations_iPhone = "UIInterfaceOrientationPortrait UIInterfaceOrientationLandscapeLeft UIInterfaceOrientationLandscapeRight";
				LD_RUNPATH_SEARCH_PATHS = (
					"$(inherited)",
					"@executable_path/Frameworks",
				);
				MARKETING_VERSION = 1.0;
				PRODUCT_BUNDLE_IDENTIFIER = test.valch85.ViewsAndModifiers3;
				PRODUCT_NAME = "$(TARGET_NAME)";
				SWIFT_EMIT_LOC_STRINGS = YES;
				SWIFT_VERSION = 5.0;
				TARGETED_DEVICE_FAMILY = "1,2";
			};
			name = Release;
		};
		394B0D6F2CA209D300269AF7 /* Debug */ = {
			isa = XCBuildConfiguration;
			buildSettings = {
				BUNDLE_LOADER = "$(TEST_HOST)";
				CODE_SIGN_STYLE = Automatic;
				CURRENT_PROJECT_VERSION = 1;
				GENERATE_INFOPLIST_FILE = YES;
				IPHONEOS_DEPLOYMENT_TARGET = 18.0;
				MARKETING_VERSION = 1.0;
				PRODUCT_BUNDLE_IDENTIFIER = test.valch85.ViewsAndModifiers3Tests;
				PRODUCT_NAME = "$(TARGET_NAME)";
				SWIFT_EMIT_LOC_STRINGS = NO;
				SWIFT_VERSION = 5.0;
				TARGETED_DEVICE_FAMILY = "1,2";
				TEST_HOST = "$(BUILT_PRODUCTS_DIR)/ViewsAndModifiers3.app/$(BUNDLE_EXECUTABLE_FOLDER_PATH)/ViewsAndModifiers3";
			};
			name = Debug;
		};
		394B0D702CA209D300269AF7 /* Release */ = {
			isa = XCBuildConfiguration;
			buildSettings = {
				BUNDLE_LOADER = "$(TEST_HOST)";
				CODE_SIGN_STYLE = Automatic;
				CURRENT_PROJECT_VERSION = 1;
				GENERATE_INFOPLIST_FILE = YES;
				IPHONEOS_DEPLOYMENT_TARGET = 18.0;
				MARKETING_VERSION = 1.0;
				PRODUCT_BUNDLE_IDENTIFIER = test.valch85.ViewsAndModifiers3Tests;
				PRODUCT_NAME = "$(TARGET_NAME)";
				SWIFT_EMIT_LOC_STRINGS = NO;
				SWIFT_VERSION = 5.0;
				TARGETED_DEVICE_FAMILY = "1,2";
				TEST_HOST = "$(BUILT_PRODUCTS_DIR)/ViewsAndModifiers3.app/$(BUNDLE_EXECUTABLE_FOLDER_PATH)/ViewsAndModifiers3";
			};
			name = Release;
		};
		394B0D722CA209D300269AF7 /* Debug */ = {
			isa = XCBuildConfiguration;
			buildSettings = {
				CODE_SIGN_STYLE = Automatic;
				CURRENT_PROJECT_VERSION = 1;
				GENERATE_INFOPLIST_FILE = YES;
				MARKETING_VERSION = 1.0;
				PRODUCT_BUNDLE_IDENTIFIER = test.valch85.ViewsAndModifiers3UITests;
				PRODUCT_NAME = "$(TARGET_NAME)";
				SWIFT_EMIT_LOC_STRINGS = NO;
				SWIFT_VERSION = 5.0;
				TARGETED_DEVICE_FAMILY = "1,2";
				TEST_TARGET_NAME = ViewsAndModifiers3;
			};
			name = Debug;
		};
		394B0D732CA209D300269AF7 /* Release */ = {
			isa = XCBuildConfiguration;
			buildSettings = {
				CODE_SIGN_STYLE = Automatic;
				CURRENT_PROJECT_VERSION = 1;
				GENERATE_INFOPLIST_FILE = YES;
				MARKETING_VERSION = 1.0;
				PRODUCT_BUNDLE_IDENTIFIER = test.valch85.ViewsAndModifiers3UITests;
				PRODUCT_NAME = "$(TARGET_NAME)";
				SWIFT_EMIT_LOC_STRINGS = NO;
				SWIFT_VERSION = 5.0;
				TARGETED_DEVICE_FAMILY = "1,2";
				TEST_TARGET_NAME = ViewsAndModifiers3;
			};
			name = Release;
		};
/* End XCBuildConfiguration section */

/* Begin XCConfigurationList section */
		394B0D422CA209D000269AF7 /* Build configuration list for PBXProject "ViewsAndModifiers3" */ = {
			isa = XCConfigurationList;
			buildConfigurations = (
				394B0D692CA209D300269AF7 /* Debug */,
				394B0D6A2CA209D300269AF7 /* Release */,
			);
			defaultConfigurationIsVisible = 0;
			defaultConfigurationName = Release;
		};
		394B0D6B2CA209D300269AF7 /* Build configuration list for PBXNativeTarget "ViewsAndModifiers3" */ = {
			isa = XCConfigurationList;
			buildConfigurations = (
				394B0D6C2CA209D300269AF7 /* Debug */,
				394B0D6D2CA209D300269AF7 /* Release */,
			);
			defaultConfigurationIsVisible = 0;
			defaultConfigurationName = Release;
		};
		394B0D6E2CA209D300269AF7 /* Build configuration list for PBXNativeTarget "ViewsAndModifiers3Tests" */ = {
			isa = XCConfigurationList;
			buildConfigurations = (
				394B0D6F2CA209D300269AF7 /* Debug */,
				394B0D702CA209D300269AF7 /* Release */,
			);
			defaultConfigurationIsVisible = 0;
			defaultConfigurationName = Release;
		};
		394B0D712CA209D300269AF7 /* Build configuration list for PBXNativeTarget "ViewsAndModifiers3UITests" */ = {
			isa = XCConfigurationList;
			buildConfigurations = (
				394B0D722CA209D300269AF7 /* Debug */,
				394B0D732CA209D300269AF7 /* Release */,
			);
			defaultConfigurationIsVisible = 0;
			defaultConfigurationName = Release;
		};
/* End XCConfigurationList section */
	};
	rootObject = 394B0D3F2CA209D000269AF7 /* Project object */;
}
